
Microsoft Visual Studio Solution File, Format Version 12.00
# Visual Studio Version 16
VisualStudioVersion = 16.0.29430.225
MinimumVisualStudioVersion = 10.0.40219.1
Project("{FAE04EC0-301F-11D3-BF4B-00C04F79EFBC}") = "JimnyTainment.UWP", "JimnyTainment.UWP\JimnyTainment.UWP.csproj", "{BF3C4C7A-3BAC-4B1F-BF5D-DCE9253FC1FA}"
EndProject
Global
	GlobalSection(SolutionConfigurationPlatforms) = preSolution
		Debug|ARM = Debug|ARM
		Debug|ARM64 = Debug|ARM64
		Debug|x64 = Debug|x64
		Debug|x86 = Debug|x86
		Release|ARM = Release|ARM
		Release|ARM64 = Release|ARM64
		Release|x64 = Release|x64
		Release|x86 = Release|x86
	EndGlobalSection
	GlobalSection(ProjectConfigurationPlatforms) = postSolution
		{BF3C4C7A-3BAC-4B1F-BF5D-DCE9253FC1FA}.Debug|ARM.ActiveCfg = Debug|ARM
		{BF3C4C7A-3BAC-4B1F-BF5D-DCE9253FC1FA}.Debug|ARM.Build.0 = Debug|ARM
		{BF3C4C7A-3BAC-4B1F-BF5D-DCE9253FC1FA}.Debug|ARM.Deploy.0 = Debug|ARM
		{BF3C4C7A-3BAC-4B1F-BF5D-DCE9253FC1FA}.Debug|ARM64.ActiveCfg = Debug|ARM64
		{BF3C4C7A-3BAC-4B1F-BF5D-DCE9253FC1FA}.Debug|ARM64.Build.0 = Debug|ARM64
		{BF3C4C7A-3BAC-4B1F-BF5D-DCE9253FC1FA}.Debug|ARM64.Deploy.0 = Debug|ARM64
		{BF3C4C7A-3BAC-4B1F-BF5D-DCE9253FC1FA}.Debug|x64.ActiveCfg = Debug|x64
		{BF3C4C7A-3BAC-4B1F-BF5D-DCE9253FC1FA}.Debug|x64.Build.0 = Debug|x64
		{BF3C4C7A-3BAC-4B1F-BF5D-DCE9253FC1FA}.Debug|x64.Deploy.0 = Debug|x64
		{BF3C4C7A-3BAC-4B1F-BF5D-DCE9253FC1FA}.Debug|x86.ActiveCfg = Debug|x86
		{BF3C4C7A-3BAC-4B1F-BF5D-DCE9253FC1FA}.Debug|x86.Build.0 = Debug|x86
		{BF3C4C7A-3BAC-4B1F-BF5D-DCE9253FC1FA}.Debug|x86.Deploy.0 = Debug|x86
		{BF3C4C7A-3BAC-4B1F-BF5D-DCE9253FC1FA}.Release|ARM.ActiveCfg = Release|ARM
		{BF3C4C7A-3BAC-4B1F-BF5D-DCE9253FC1FA}.Release|ARM.Build.0 = Release|ARM
		{BF3C4C7A-3BAC-4B1F-BF5D-DCE9253FC1FA}.Release|ARM.Deploy.0 = Release|ARM
		{BF3C4C7A-3BAC-4B1F-BF5D-DCE9253FC1FA}.Release|ARM64.ActiveCfg = Release|ARM64
		{BF3C4C7A-3BAC-4B1F-BF5D-DCE9253FC1FA}.Release|ARM64.Build.0 = Release|ARM64
		{BF3C4C7A-3BAC-4B1F-BF5D-DCE9253FC1FA}.Release|ARM64.Deploy.0 = Release|ARM64
		{BF3C4C7A-3BAC-4B1F-BF5D-DCE9253FC1FA}.Release|x64.ActiveCfg = Release|x64
		{BF3C4C7A-3BAC-4B1F-BF5D-DCE9253FC1FA}.Release|x64.Build.0 = Release|x64
		{BF3C4C7A-3BAC-4B1F-BF5D-DCE9253FC1FA}.Release|x64.Deploy.0 = Release|x64
		{BF3C4C7A-3BAC-4B1F-BF5D-DCE9253FC1FA}.Release|x86.ActiveCfg = Release|x86
		{BF3C4C7A-3BAC-4B1F-BF5D-DCE9253FC1FA}.Release|x86.Build.0 = Release|x86
		{BF3C4C7A-3BAC-4B1F-BF5D-DCE9253FC1FA}.Release|x86.Deploy.0 = Release|x86
	EndGlobalSection
	GlobalSection(SolutionProperties) = preSolution
		HideSolutionNode = FALSE
	EndGlobalSection
	GlobalSection(ExtensibilityGlobals) = postSolution
		SolutionGuid = {F7A42825-D43D-4608-B9F9-CE0E4FE8EA89}
	EndGlobalSection
EndGlobal
